// !$*UTF8*$!
{
	archiveVersion = 1;
	classes = {
	};
	objectVersion = 55;
	objects = {

/* Begin PBXBuildFile section */
		CDE09EA92847581300E34B4C /* AppDelegate.swift in Sources */ = {isa = PBXBuildFile; fileRef = CDE09EA82847581300E34B4C /* AppDelegate.swift */; };
		CDE09EAB2847581300E34B4C /* SceneDelegate.swift in Sources */ = {isa = PBXBuildFile; fileRef = CDE09EAA2847581300E34B4C /* SceneDelegate.swift */; };
		CDE09EAD2847581300E34B4C /* ViewController.swift in Sources */ = {isa = PBXBuildFile; fileRef = CDE09EAC2847581300E34B4C /* ViewController.swift */; };
		CDE09EB02847581300E34B4C /* Main.storyboard in Resources */ = {isa = PBXBuildFile; fileRef = CDE09EAE2847581300E34B4C /* Main.storyboard */; };
		CDE09EB22847581400E34B4C /* Assets.xcassets in Resources */ = {isa = PBXBuildFile; fileRef = CDE09EB12847581400E34B4C /* Assets.xcassets */; };
		CDE09EB52847581400E34B4C /* LaunchScreen.storyboard in Resources */ = {isa = PBXBuildFile; fileRef = CDE09EB32847581400E34B4C /* LaunchScreen.storyboard */; };
		CDE09EC3284758B200E34B4C /* UniformTypeIdentifiers.framework in Frameworks */ = {isa = PBXBuildFile; fileRef = CDE09EC2284758B200E34B4C /* UniformTypeIdentifiers.framework */; };
		CDE09EC6284758B200E34B4C /* Media.xcassets in Resources */ = {isa = PBXBuildFile; fileRef = CDE09EC5284758B200E34B4C /* Media.xcassets */; };
		CDE09EC8284758B200E34B4C /* ActionViewController.swift in Sources */ = {isa = PBXBuildFile; fileRef = CDE09EC7284758B200E34B4C /* ActionViewController.swift */; };
		CDE09ECB284758B200E34B4C /* MainInterface.storyboard in Resources */ = {isa = PBXBuildFile; fileRef = CDE09EC9284758B200E34B4C /* MainInterface.storyboard */; };
		CDE09ECF284758B200E34B4C /* Extension.appex in Embed App Extensions */ = {isa = PBXBuildFile; fileRef = CDE09EC0284758B200E34B4C /* Extension.appex */; settings = {ATTRIBUTES = (RemoveHeadersOnCopy, ); }; };
		CDE09ED528475B0B00E34B4C /* Action.js in Resources */ = {isa = PBXBuildFile; fileRef = CDE09ED428475B0B00E34B4C /* Action.js */; };
/* End PBXBuildFile section */

/* Begin PBXContainerItemProxy section */
		CDE09ECD284758B200E34B4C /* PBXContainerItemProxy */ = {
			isa = PBXContainerItemProxy;
			containerPortal = CDE09E9D2847581300E34B4C /* Project object */;
			proxyType = 1;
			remoteGlobalIDString = CDE09EBF284758B200E34B4C;
			remoteInfo = Extension;
		};
/* End PBXContainerItemProxy section */

/* Begin PBXCopyFilesBuildPhase section */
		CDE09ED3284758B200E34B4C /* Embed App Extensions */ = {
			isa = PBXCopyFilesBuildPhase;
			buildActionMask = 2147483647;
			dstPath = "";
			dstSubfolderSpec = 13;
			files = (
				CDE09ECF284758B200E34B4C /* Extension.appex in Embed App Extensions */,
			);
			name = "Embed App Extensions";
			runOnlyForDeploymentPostprocessing = 0;
		};
/* End PBXCopyFilesBuildPhase section */

/* Begin PBXFileReference section */
		CDE09EA52847581300E34B4C /* Project19 - JavaScript stuff.app */ = {isa = PBXFileReference; explicitFileType = wrapper.application; includeInIndex = 0; path = "Project19 - JavaScript stuff.app"; sourceTree = BUILT_PRODUCTS_DIR; };
		CDE09EA82847581300E34B4C /* AppDelegate.swift */ = {isa = PBXFileReference; lastKnownFileType = sourcecode.swift; path = AppDelegate.swift; sourceTree = "<group>"; };
		CDE09EAA2847581300E34B4C /* SceneDelegate.swift */ = {isa = PBXFileReference; lastKnownFileType = sourcecode.swift; path = SceneDelegate.swift; sourceTree = "<group>"; };
		CDE09EAC2847581300E34B4C /* ViewController.swift */ = {isa = PBXFileReference; lastKnownFileType = sourcecode.swift; path = ViewController.swift; sourceTree = "<group>"; };
		CDE09EAF2847581300E34B4C /* Base */ = {isa = PBXFileReference; lastKnownFileType = file.storyboard; name = Base; path = Base.lproj/Main.storyboard; sourceTree = "<group>"; };
		CDE09EB12847581400E34B4C /* Assets.xcassets */ = {isa = PBXFileReference; lastKnownFileType = folder.assetcatalog; path = Assets.xcassets; sourceTree = "<group>"; };
		CDE09EB42847581400E34B4C /* Base */ = {isa = PBXFileReference; lastKnownFileType = file.storyboard; name = Base; path = Base.lproj/LaunchScreen.storyboard; sourceTree = "<group>"; };
		CDE09EB62847581400E34B4C /* Info.plist */ = {isa = PBXFileReference; lastKnownFileType = text.plist.xml; path = Info.plist; sourceTree = "<group>"; };
		CDE09EC0284758B200E34B4C /* Extension.appex */ = {isa = PBXFileReference; explicitFileType = "wrapper.app-extension"; includeInIndex = 0; path = Extension.appex; sourceTree = BUILT_PRODUCTS_DIR; };
		CDE09EC2284758B200E34B4C /* UniformTypeIdentifiers.framework */ = {isa = PBXFileReference; lastKnownFileType = wrapper.framework; name = UniformTypeIdentifiers.framework; path = System/Library/Frameworks/UniformTypeIdentifiers.framework; sourceTree = SDKROOT; };
		CDE09EC5284758B200E34B4C /* Media.xcassets */ = {isa = PBXFileReference; lastKnownFileType = folder.assetcatalog; path = Media.xcassets; sourceTree = "<group>"; };
		CDE09EC7284758B200E34B4C /* ActionViewController.swift */ = {isa = PBXFileReference; lastKnownFileType = sourcecode.swift; path = ActionViewController.swift; sourceTree = "<group>"; };
		CDE09ECA284758B200E34B4C /* Base */ = {isa = PBXFileReference; lastKnownFileType = file.storyboard; name = Base; path = Base.lproj/MainInterface.storyboard; sourceTree = "<group>"; };
		CDE09ECC284758B200E34B4C /* Info.plist */ = {isa = PBXFileReference; lastKnownFileType = text.plist.xml; path = Info.plist; sourceTree = "<group>"; };
		CDE09ED428475B0B00E34B4C /* Action.js */ = {isa = PBXFileReference; lastKnownFileType = sourcecode.javascript; path = Action.js; sourceTree = "<group>"; };
/* End PBXFileReference section */

/* Begin PBXFrameworksBuildPhase section */
		CDE09EA22847581300E34B4C /* Frameworks */ = {
			isa = PBXFrameworksBuildPhase;
			buildActionMask = 2147483647;
			files = (
			);
			runOnlyForDeploymentPostprocessing = 0;
		};
		CDE09EBD284758B200E34B4C /* Frameworks */ = {
			isa = PBXFrameworksBuildPhase;
			buildActionMask = 2147483647;
			files = (
				CDE09EC3284758B200E34B4C /* UniformTypeIdentifiers.framework in Frameworks */,
			);
			runOnlyForDeploymentPostprocessing = 0;
		};
/* End PBXFrameworksBuildPhase section */

/* Begin PBXGroup section */
		CDE09E9C2847581300E34B4C = {
			isa = PBXGroup;
			children = (
				CDE09EA72847581300E34B4C /* Project19 - JavaScript stuff */,
				CDE09EC4284758B200E34B4C /* Extension */,
				CDE09EC1284758B200E34B4C /* Frameworks */,
				CDE09EA62847581300E34B4C /* Products */,
			);
			sourceTree = "<group>";
		};
		CDE09EA62847581300E34B4C /* Products */ = {
			isa = PBXGroup;
			children = (
				CDE09EA52847581300E34B4C /* Project19 - JavaScript stuff.app */,
				CDE09EC0284758B200E34B4C /* Extension.appex */,
			);
			name = Products;
			sourceTree = "<group>";
		};
		CDE09EA72847581300E34B4C /* Project19 - JavaScript stuff */ = {
			isa = PBXGroup;
			children = (
				CDE09EA82847581300E34B4C /* AppDelegate.swift */,
				CDE09EAA2847581300E34B4C /* SceneDelegate.swift */,
				CDE09EAC2847581300E34B4C /* ViewController.swift */,
				CDE09EAE2847581300E34B4C /* Main.storyboard */,
				CDE09EB12847581400E34B4C /* Assets.xcassets */,
				CDE09EB32847581400E34B4C /* LaunchScreen.storyboard */,
				CDE09EB62847581400E34B4C /* Info.plist */,
			);
			path = "Project19 - JavaScript stuff";
			sourceTree = "<group>";
		};
		CDE09EC1284758B200E34B4C /* Frameworks */ = {
			isa = PBXGroup;
			children = (
				CDE09EC2284758B200E34B4C /* UniformTypeIdentifiers.framework */,
			);
			name = Frameworks;
			sourceTree = "<group>";
		};
		CDE09EC4284758B200E34B4C /* Extension */ = {
			isa = PBXGroup;
			children = (
				CDE09EC5284758B200E34B4C /* Media.xcassets */,
				CDE09EC7284758B200E34B4C /* ActionViewController.swift */,
				CDE09EC9284758B200E34B4C /* MainInterface.storyboard */,
				CDE09ECC284758B200E34B4C /* Info.plist */,
				CDE09ED428475B0B00E34B4C /* Action.js */,
			);
			path = Extension;
			sourceTree = "<group>";
		};
/* End PBXGroup section */

/* Begin PBXNativeTarget section */
		CDE09EA42847581300E34B4C /* Project19 - JavaScript stuff */ = {
			isa = PBXNativeTarget;
			buildConfigurationList = CDE09EB92847581400E34B4C /* Build configuration list for PBXNativeTarget "Project19 - JavaScript stuff" */;
			buildPhases = (
				CDE09EA12847581300E34B4C /* Sources */,
				CDE09EA22847581300E34B4C /* Frameworks */,
				CDE09EA32847581300E34B4C /* Resources */,
				CDE09ED3284758B200E34B4C /* Embed App Extensions */,
			);
			buildRules = (
			);
			dependencies = (
				CDE09ECE284758B200E34B4C /* PBXTargetDependency */,
			);
			name = "Project19 - JavaScript stuff";
			productName = "Project19 - JavaScript stuff";
			productReference = CDE09EA52847581300E34B4C /* Project19 - JavaScript stuff.app */;
			productType = "com.apple.product-type.application";
		};
		CDE09EBF284758B200E34B4C /* Extension */ = {
			isa = PBXNativeTarget;
			buildConfigurationList = CDE09ED0284758B200E34B4C /* Build configuration list for PBXNativeTarget "Extension" */;
			buildPhases = (
				CDE09EBC284758B200E34B4C /* Sources */,
				CDE09EBD284758B200E34B4C /* Frameworks */,
				CDE09EBE284758B200E34B4C /* Resources */,
			);
			buildRules = (
			);
			dependencies = (
			);
			name = Extension;
			productName = Extension;
			productReference = CDE09EC0284758B200E34B4C /* Extension.appex */;
			productType = "com.apple.product-type.app-extension";
		};
/* End PBXNativeTarget section */

/* Begin PBXProject section */
		CDE09E9D2847581300E34B4C /* Project object */ = {
			isa = PBXProject;
			attributes = {
				BuildIndependentTargetsInParallel = 1;
				LastSwiftUpdateCheck = 1330;
				LastUpgradeCheck = 1330;
				TargetAttributes = {
					CDE09EA42847581300E34B4C = {
						CreatedOnToolsVersion = 13.3.1;
					};
					CDE09EBF284758B200E34B4C = {
						CreatedOnToolsVersion = 13.3.1;
					};
				};
			};
			buildConfigurationList = CDE09EA02847581300E34B4C /* Build configuration list for PBXProject "Project19 - JavaScript stuff" */;
			compatibilityVersion = "Xcode 13.0";
			developmentRegion = en;
			hasScannedForEncodings = 0;
			knownRegions = (
				en,
				Base,
			);
			mainGroup = CDE09E9C2847581300E34B4C;
			productRefGroup = CDE09EA62847581300E34B4C /* Products */;
			projectDirPath = "";
			projectRoot = "";
			targets = (
				CDE09EA42847581300E34B4C /* Project19 - JavaScript stuff */,
				CDE09EBF284758B200E34B4C /* Extension */,
			);
		};
/* End PBXProject section */

/* Begin PBXResourcesBuildPhase section */
		CDE09EA32847581300E34B4C /* Resources */ = {
			isa = PBXResourcesBuildPhase;
			buildActionMask = 2147483647;
			files = (
				CDE09EB52847581400E34B4C /* LaunchScreen.storyboard in Resources */,
				CDE09EB22847581400E34B4C /* Assets.xcassets in Resources */,
				CDE09EB02847581300E34B4C /* Main.storyboard in Resources */,
			);
			runOnlyForDeploymentPostprocessing = 0;
		};
		CDE09EBE284758B200E34B4C /* Resources */ = {
			isa = PBXResourcesBuildPhase;
			buildActionMask = 2147483647;
			files = (
				CDE09ED528475B0B00E34B4C /* Action.js in Resources */,
				CDE09EC6284758B200E34B4C /* Media.xcassets in Resources */,
				CDE09ECB284758B200E34B4C /* MainInterface.storyboard in Resources */,
			);
			runOnlyForDeploymentPostprocessing = 0;
		};
/* End PBXResourcesBuildPhase section */

/* Begin PBXSourcesBuildPhase section */
		CDE09EA12847581300E34B4C /* Sources */ = {
			isa = PBXSourcesBuildPhase;
			buildActionMask = 2147483647;
			files = (
				CDE09EAD2847581300E34B4C /* ViewController.swift in Sources */,
				CDE09EA92847581300E34B4C /* AppDelegate.swift in Sources */,
				CDE09EAB2847581300E34B4C /* SceneDelegate.swift in Sources */,
			);
			runOnlyForDeploymentPostprocessing = 0;
		};
		CDE09EBC284758B200E34B4C /* Sources */ = {
			isa = PBXSourcesBuildPhase;
			buildActionMask = 2147483647;
			files = (
				CDE09EC8284758B200E34B4C /* ActionViewController.swift in Sources */,
			);
			runOnlyForDeploymentPostprocessing = 0;
		};
/* End PBXSourcesBuildPhase section */

/* Begin PBXTargetDependency section */
		CDE09ECE284758B200E34B4C /* PBXTargetDependency */ = {
			isa = PBXTargetDependency;
			target = CDE09EBF284758B200E34B4C /* Extension */;
			targetProxy = CDE09ECD284758B200E34B4C /* PBXContainerItemProxy */;
		};
/* End PBXTargetDependency section */

/* Begin PBXVariantGroup section */
		CDE09EAE2847581300E34B4C /* Main.storyboard */ = {
			isa = PBXVariantGroup;
			children = (
				CDE09EAF2847581300E34B4C /* Base */,
			);
			name = Main.storyboard;
			sourceTree = "<group>";
		};
		CDE09EB32847581400E34B4C /* LaunchScreen.storyboard */ = {
			isa = PBXVariantGroup;
			children = (
				CDE09EB42847581400E34B4C /* Base */,
			);
			name = LaunchScreen.storyboard;
			sourceTree = "<group>";
		};
		CDE09EC9284758B200E34B4C /* MainInterface.storyboard */ = {
			isa = PBXVariantGroup;
			children = (
				CDE09ECA284758B200E34B4C /* Base */,
			);
			name = MainInterface.storyboard;
			sourceTree = "<group>";
		};
/* End PBXVariantGroup section */

/* Begin XCBuildConfiguration section */
		CDE09EB72847581400E34B4C /* Debug */ = {
			isa = XCBuildConfiguration;
			buildSettings = {
				ALWAYS_SEARCH_USER_PATHS = NO;
				CLANG_ANALYZER_NONNULL = YES;
				CLANG_ANALYZER_NUMBER_OBJECT_CONVERSION = YES_AGGRESSIVE;
				CLANG_CXX_LANGUAGE_STANDARD = "gnu++17";
				CLANG_ENABLE_MODULES = YES;
				CLANG_ENABLE_OBJC_ARC = YES;
				CLANG_ENABLE_OBJC_WEAK = YES;
				CLANG_WARN_BLOCK_CAPTURE_AUTORELEASING = YES;
				CLANG_WARN_BOOL_CONVERSION = YES;
				CLANG_WARN_COMMA = YES;
				CLANG_WARN_CONSTANT_CONVERSION = YES;
				CLANG_WARN_DEPRECATED_OBJC_IMPLEMENTATIONS = YES;
				CLANG_WARN_DIRECT_OBJC_ISA_USAGE = YES_ERROR;
				CLANG_WARN_DOCUMENTATION_COMMENTS = YES;
				CLANG_WARN_EMPTY_BODY = YES;
				CLANG_WARN_ENUM_CONVERSION = YES;
				CLANG_WARN_INFINITE_RECURSION = YES;
				CLANG_WARN_INT_CONVERSION = YES;
				CLANG_WARN_NON_LITERAL_NULL_CONVERSION = YES;
				CLANG_WARN_OBJC_IMPLICIT_RETAIN_SELF = YES;
				CLANG_WARN_OBJC_LITERAL_CONVERSION = YES;
				CLANG_WARN_OBJC_ROOT_CLASS = YES_ERROR;
				CLANG_WARN_QUOTED_INCLUDE_IN_FRAMEWORK_HEADER = YES;
				CLANG_WARN_RANGE_LOOP_ANALYSIS = YES;
				CLANG_WARN_STRICT_PROTOTYPES = YES;
				CLANG_WARN_SUSPICIOUS_MOVE = YES;
				CLANG_WARN_UNGUARDED_AVAILABILITY = YES_AGGRESSIVE;
				CLANG_WARN_UNREACHABLE_CODE = YES;
				CLANG_WARN__DUPLICATE_METHOD_MATCH = YES;
				COPY_PHASE_STRIP = NO;
				DEBUG_INFORMATION_FORMAT = dwarf;
				ENABLE_STRICT_OBJC_MSGSEND = YES;
				ENABLE_TESTABILITY = YES;
				GCC_C_LANGUAGE_STANDARD = gnu11;
				GCC_DYNAMIC_NO_PIC = NO;
				GCC_NO_COMMON_BLOCKS = YES;
				GCC_OPTIMIZATION_LEVEL = 0;
				GCC_PREPROCESSOR_DEFINITIONS = (
					"DEBUG=1",
					"$(inherited)",
				);
				GCC_WARN_64_TO_32_BIT_CONVERSION = YES;
				GCC_WARN_ABOUT_RETURN_TYPE = YES_ERROR;
				GCC_WARN_UNDECLARED_SELECTOR = YES;
				GCC_WARN_UNINITIALIZED_AUTOS = YES_AGGRESSIVE;
				GCC_WARN_UNUSED_FUNCTION = YES;
				GCC_WARN_UNUSED_VARIABLE = YES;
				IPHONEOS_DEPLOYMENT_TARGET = 15.4;
				MTL_ENABLE_DEBUG_INFO = INCLUDE_SOURCE;
				MTL_FAST_MATH = YES;
				ONLY_ACTIVE_ARCH = YES;
				SDKROOT = iphoneos;
				SWIFT_ACTIVE_COMPILATION_CONDITIONS = DEBUG;
				SWIFT_OPTIMIZATION_LEVEL = "-Onone";
			};
			name = Debug;
		};
		CDE09EB82847581400E34B4C /* Release */ = {
			isa = XCBuildConfiguration;
			buildSettings = {
				ALWAYS_SEARCH_USER_PATHS = NO;
				CLANG_ANALYZER_NONNULL = YES;
				CLANG_ANALYZER_NUMBER_OBJECT_CONVERSION = YES_AGGRESSIVE;
				CLANG_CXX_LANGUAGE_STANDARD = "gnu++17";
				CLANG_ENABLE_MODULES = YES;
				CLANG_ENABLE_OBJC_ARC = YES;
				CLANG_ENABLE_OBJC_WEAK = YES;
				CLANG_WARN_BLOCK_CAPTURE_AUTORELEASING = YES;
				CLANG_WARN_BOOL_CONVERSION = YES;
				CLANG_WARN_COMMA = YES;
				CLANG_WARN_CONSTANT_CONVERSION = YES;
				CLANG_WARN_DEPRECATED_OBJC_IMPLEMENTATIONS = YES;
				CLANG_WARN_DIRECT_OBJC_ISA_USAGE = YES_ERROR;
				CLANG_WARN_DOCUMENTATION_COMMENTS = YES;
				CLANG_WARN_EMPTY_BODY = YES;
				CLANG_WARN_ENUM_CONVERSION = YES;
				CLANG_WARN_INFINITE_RECURSION = YES;
				CLANG_WARN_INT_CONVERSION = YES;
				CLANG_WARN_NON_LITERAL_NULL_CONVERSION = YES;
				CLANG_WARN_OBJC_IMPLICIT_RETAIN_SELF = YES;
				CLANG_WARN_OBJC_LITERAL_CONVERSION = YES;
				CLANG_WARN_OBJC_ROOT_CLASS = YES_ERROR;
				CLANG_WARN_QUOTED_INCLUDE_IN_FRAMEWORK_HEADER = YES;
				CLANG_WARN_RANGE_LOOP_ANALYSIS = YES;
				CLANG_WARN_STRICT_PROTOTYPES = YES;
				CLANG_WARN_SUSPICIOUS_MOVE = YES;
				CLANG_WARN_UNGUARDED_AVAILABILITY = YES_AGGRESSIVE;
				CLANG_WARN_UNREACHABLE_CODE = YES;
				CLANG_WARN__DUPLICATE_METHOD_MATCH = YES;
				COPY_PHASE_STRIP = NO;
				DEBUG_INFORMATION_FORMAT = "dwarf-with-dsym";
				ENABLE_NS_ASSERTIONS = NO;
				ENABLE_STRICT_OBJC_MSGSEND = YES;
				GCC_C_LANGUAGE_STANDARD = gnu11;
				GCC_NO_COMMON_BLOCKS = YES;
				GCC_WARN_64_TO_32_BIT_CONVERSION = YES;
				GCC_WARN_ABOUT_RETURN_TYPE = YES_ERROR;
				GCC_WARN_UNDECLARED_SELECTOR = YES;
				GCC_WARN_UNINITIALIZED_AUTOS = YES_AGGRESSIVE;
				GCC_WARN_UNUSED_FUNCTION = YES;
				GCC_WARN_UNUSED_VARIABLE = YES;
				IPHONEOS_DEPLOYMENT_TARGET = 15.4;
				MTL_ENABLE_DEBUG_INFO = NO;
				MTL_FAST_MATH = YES;
				SDKROOT = iphoneos;
				SWIFT_COMPILATION_MODE = wholemodule;
				SWIFT_OPTIMIZATION_LEVEL = "-O";
				VALIDATE_PRODUCT = YES;
			};
			name = Release;
		};
		CDE09EBA2847581400E34B4C /* Debug */ = {
			isa = XCBuildConfiguration;
			buildSettings = {
				ALWAYS_EMBED_SWIFT_STANDARD_LIBRARIES = YES;
				ASSETCATALOG_COMPILER_APPICON_NAME = AppIcon;
				ASSETCATALOG_COMPILER_GLOBAL_ACCENT_COLOR_NAME = AccentColor;
				CODE_SIGN_STYLE = Automatic;
				CURRENT_PROJECT_VERSION = 1;
				GENERATE_INFOPLIST_FILE = YES;
				INFOPLIST_FILE = "Project19 - JavaScript stuff/Info.plist";
				INFOPLIST_KEY_UIApplicationSupportsIndirectInputEvents = YES;
				INFOPLIST_KEY_UILaunchStoryboardName = LaunchScreen;
				INFOPLIST_KEY_UIMainStoryboardFile = Main;
				INFOPLIST_KEY_UISupportedInterfaceOrientations_iPad = "UIInterfaceOrientationPortrait UIInterfaceOrientationPortraitUpsideDown UIInterfaceOrientationLandscapeLeft UIInterfaceOrientationLandscapeRight";
				INFOPLIST_KEY_UISupportedInterfaceOrientations_iPhone = "UIInterfaceOrientationPortrait UIInterfaceOrientationLandscapeLeft UIInterfaceOrientationLandscapeRight";
				LD_RUNPATH_SEARCH_PATHS = (
					"$(inherited)",
					"@executable_path/Frameworks",
				);
				MARKETING_VERSION = 1.0;
				PRODUCT_BUNDLE_IDENTIFIER = "com.bobbert.Project19---JavaScript-stuff";
				PRODUCT_NAME = "$(TARGET_NAME)";
				SWIFT_EMIT_LOC_STRINGS = YES;
				SWIFT_VERSION = 5.0;
				TARGETED_DEVICE_FAMILY = "1,2";
			};
			name = Debug;
		};
		CDE09EBB2847581400E34B4C /* Release */ = {
			isa = XCBuildConfiguration;
			buildSettings = {
				ALWAYS_EMBED_SWIFT_STANDARD_LIBRARIES = YES;
				ASSETCATALOG_COMPILER_APPICON_NAME = AppIcon;
				ASSETCATALOG_COMPILER_GLOBAL_ACCENT_COLOR_NAME = AccentColor;
				CODE_SIGN_STYLE = Automatic;
				CURRENT_PROJECT_VERSION = 1;
				GENERATE_INFOPLIST_FILE = YES;
				INFOPLIST_FILE = "Project19 - JavaScript stuff/Info.plist";
				INFOPLIST_KEY_UIApplicationSupportsIndirectInputEvents = YES;
				INFOPLIST_KEY_UILaunchStoryboardName = LaunchScreen;
				INFOPLIST_KEY_UIMainStoryboardFile = Main;
				INFOPLIST_KEY_UISupportedInterfaceOrientations_iPad = "UIInterfaceOrientationPortrait UIInterfaceOrientationPortraitUpsideDown UIInterfaceOrientationLandscapeLeft UIInterfaceOrientationLandscapeRight";
				INFOPLIST_KEY_UISupportedInterfaceOrientations_iPhone = "UIInterfaceOrientationPortrait UIInterfaceOrientationLandscapeLeft UIInterfaceOrientationLandscapeRight";
				LD_RUNPATH_SEARCH_PATHS = (
					"$(inherited)",
					"@executable_path/Frameworks",
				);
				MARKETING_VERSION = 1.0;
				PRODUCT_BUNDLE_IDENTIFIER = "com.bobbert.Project19---JavaScript-stuff";
				PRODUCT_NAME = "$(TARGET_NAME)";
				SWIFT_EMIT_LOC_STRINGS = YES;
				SWIFT_VERSION = 5.0;
				TARGETED_DEVICE_FAMILY = "1,2";
			};
			name = Release;
		};
		CDE09ED1284758B200E34B4C /* Debug */ = {
			isa = XCBuildConfiguration;
			buildSettings = {
				CODE_SIGN_STYLE = Automatic;
				CURRENT_PROJECT_VERSION = 1;
				GENERATE_INFOPLIST_FILE = YES;
				INFOPLIST_FILE = Extension/Info.plist;
				INFOPLIST_KEY_CFBundleDisplayName = Extension;
				INFOPLIST_KEY_NSHumanReadableCopyright = "";
				LD_RUNPATH_SEARCH_PATHS = (
					"$(inherited)",
					"@executable_path/Frameworks",
					"@executable_path/../../Frameworks",
				);
				MARKETING_VERSION = 1.0;
				PRODUCT_BUNDLE_IDENTIFIER = "com.bobbert.Project19---JavaScript-stuff.Extension";
				PRODUCT_NAME = "$(TARGET_NAME)";
				SKIP_INSTALL = YES;
				SWIFT_EMIT_LOC_STRINGS = YES;
				SWIFT_VERSION = 5.0;
				TARGETED_DEVICE_FAMILY = "1,2";
			};
			name = Debug;
		};
		CDE09ED2284758B200E34B4C /* Release */ = {
			isa = XCBuildConfiguration;
			buildSettings = {
				CODE_SIGN_STYLE = Automatic;
				CURRENT_PROJECT_VERSION = 1;
				GENERATE_INFOPLIST_FILE = YES;
				INFOPLIST_FILE = Extension/Info.plist;
				INFOPLIST_KEY_CFBundleDisplayName = Extension;
				INFOPLIST_KEY_NSHumanReadableCopyright = "";
				LD_RUNPATH_SEARCH_PATHS = (
					"$(inherited)",
					"@executable_path/Frameworks",
					"@executable_path/../../Frameworks",
				);
				MARKETING_VERSION = 1.0;
				PRODUCT_BUNDLE_IDENTIFIER = "com.bobbert.Project19---JavaScript-stuff.Extension";
				PRODUCT_NAME = "$(TARGET_NAME)";
				SKIP_INSTALL = YES;
				SWIFT_EMIT_LOC_STRINGS = YES;
				SWIFT_VERSION = 5.0;
				TARGETED_DEVICE_FAMILY = "1,2";
			};
			name = Release;
		};
/* End XCBuildConfiguration section */

/* Begin XCConfigurationList section */
		CDE09EA02847581300E34B4C /* Build configuration list for PBXProject "Project19 - JavaScript stuff" */ = {
			isa = XCConfigurationList;
			buildConfigurations = (
				CDE09EB72847581400E34B4C /* Debug */,
				CDE09EB82847581400E34B4C /* Release */,
			);
			defaultConfigurationIsVisible = 0;
			defaultConfigurationName = Release;
		};
		CDE09EB92847581400E34B4C /* Build configuration list for PBXNativeTarget "Project19 - JavaScript stuff" */ = {
			isa = XCConfigurationList;
			buildConfigurations = (
				CDE09EBA2847581400E34B4C /* Debug */,
				CDE09EBB2847581400E34B4C /* Release */,
			);
			defaultConfigurationIsVisible = 0;
			defaultConfigurationName = Release;
		};
		CDE09ED0284758B200E34B4C /* Build configuration list for PBXNativeTarget "Extension" */ = {
			isa = XCConfigurationList;
			buildConfigurations = (
				CDE09ED1284758B200E34B4C /* Debug */,
				CDE09ED2284758B200E34B4C /* Release */,
			);
			defaultConfigurationIsVisible = 0;
			defaultConfigurationName = Release;
		};
/* End XCConfigurationList section */
	};
	rootObject = CDE09E9D2847581300E34B4C /* Project object */;
}
